
Microsoft Visual Studio Solution File, Format Version 12.00
# Visual Studio Version 17
VisualStudioVersion = 17.12.35309.182
MinimumVisualStudioVersion = 10.0.40219.1
Project("{FAE04EC0-301F-11D3-BF4B-00C04F79EFBC}") = "WebApi", "Api\WebApi.csproj", "{07293E63-D9DA-49AA-8669-5F9EAA9581FC}"
EndProject
Project("{FAE04EC0-301F-11D3-BF4B-00C04F79EFBC}") = "Domain", "Domain\Domain.csproj", "{7DB50F8D-74F9-4CDA-871C-C0176F7DF556}"
EndProject
Project("{FAE04EC0-301F-11D3-BF4B-00C04F79EFBC}") = "Application", "Application\Application.csproj", "{5E11BC26-5290-4A3F-A140-7B4D00FFCE3F}"
EndProject
Project("{FAE04EC0-301F-11D3-BF4B-00C04F79EFBC}") = "Infrastructure", "Infrastructure\Infrastructure.csproj", "{C33E108E-8B42-43C4-994D-CDED69BCFDF3}"
EndProject
Project("{FAE04EC0-301F-11D3-BF4B-00C04F79EFBC}") = "Presentation", "Presentation\Presentation.csproj", "{F06853C0-8B64-4321-86A5-37C1E3E4E1A3}"
EndProject
Global
	GlobalSection(SolutionConfigurationPlatforms) = preSolution
		Debug|Any CPU = Debug|Any CPU
		Release|Any CPU = Release|Any CPU
	EndGlobalSection
	GlobalSection(ProjectConfigurationPlatforms) = postSolution
		{07293E63-D9DA-49AA-8669-5F9EAA9581FC}.Debug|Any CPU.ActiveCfg = Debug|Any CPU
		{07293E63-D9DA-49AA-8669-5F9EAA9581FC}.Debug|Any CPU.Build.0 = Debug|Any CPU
		{07293E63-D9DA-49AA-8669-5F9EAA9581FC}.Release|Any CPU.ActiveCfg = Release|Any CPU
		{07293E63-D9DA-49AA-8669-5F9EAA9581FC}.Release|Any CPU.Build.0 = Release|Any CPU
		{7DB50F8D-74F9-4CDA-871C-C0176F7DF556}.Debug|Any CPU.ActiveCfg = Debug|Any CPU
		{7DB50F8D-74F9-4CDA-871C-C0176F7DF556}.Debug|Any CPU.Build.0 = Debug|Any CPU
		{7DB50F8D-74F9-4CDA-871C-C0176F7DF556}.Release|Any CPU.ActiveCfg = Release|Any CPU
		{7DB50F8D-74F9-4CDA-871C-C0176F7DF556}.Release|Any CPU.Build.0 = Release|Any CPU
		{5E11BC26-5290-4A3F-A140-7B4D00FFCE3F}.Debug|Any CPU.ActiveCfg = Debug|Any CPU
		{5E11BC26-5290-4A3F-A140-7B4D00FFCE3F}.Debug|Any CPU.Build.0 = Debug|Any CPU
		{5E11BC26-5290-4A3F-A140-7B4D00FFCE3F}.Release|Any CPU.ActiveCfg = Release|Any CPU
		{5E11BC26-5290-4A3F-A140-7B4D00FFCE3F}.Release|Any CPU.Build.0 = Release|Any CPU
		{C33E108E-8B42-43C4-994D-CDED69BCFDF3}.Debug|Any CPU.ActiveCfg = Debug|Any CPU
		{C33E108E-8B42-43C4-994D-CDED69BCFDF3}.Debug|Any CPU.Build.0 = Debug|Any CPU
		{C33E108E-8B42-43C4-994D-CDED69BCFDF3}.Release|Any CPU.ActiveCfg = Release|Any CPU
		{C33E108E-8B42-43C4-994D-CDED69BCFDF3}.Release|Any CPU.Build.0 = Release|Any CPU
		{F06853C0-8B64-4321-86A5-37C1E3E4E1A3}.Debug|Any CPU.ActiveCfg = Debug|Any CPU
		{F06853C0-8B64-4321-86A5-37C1E3E4E1A3}.Debug|Any CPU.Build.0 = Debug|Any CPU
		{F06853C0-8B64-4321-86A5-37C1E3E4E1A3}.Release|Any CPU.ActiveCfg = Release|Any CPU
		{F06853C0-8B64-4321-86A5-37C1E3E4E1A3}.Release|Any CPU.Build.0 = Release|Any CPU
	EndGlobalSection
	GlobalSection(SolutionProperties) = preSolution
		HideSolutionNode = FALSE
	EndGlobalSection
	GlobalSection(ExtensibilityGlobals) = postSolution
		SolutionGuid = {0CD49426-DDC6-4D7B-A205-E247AD32F7E9}
	EndGlobalSection
EndGlobal
